
Microsoft Visual Studio Solution File, Format Version 12.00
# Visual Studio Version 16
VisualStudioVersion = 16.0.32407.337
MinimumVisualStudioVersion = 10.0.40219.1
Project("{FAE04EC0-301F-11D3-BF4B-00C04F79EFBC}") = "JustTestItAutomation", "JustTestItAutomation\JustTestItAutomation.csproj", "{DA1A8AFE-E708-491A-BF64-D2B506303B68}"
EndProject
Global
	GlobalSection(SolutionConfigurationPlatforms) = preSolution
		Debug|Any CPU = Debug|Any CPU
		Release|Any CPU = Release|Any CPU
	EndGlobalSection
	GlobalSection(ProjectConfigurationPlatforms) = postSolution
		{DA1A8AFE-E708-491A-BF64-D2B506303B68}.Debug|Any CPU.ActiveCfg = Debug|Any CPU
		{DA1A8AFE-E708-491A-BF64-D2B506303B68}.Debug|Any CPU.Build.0 = Debug|Any CPU
		{DA1A8AFE-E708-491A-BF64-D2B506303B68}.Release|Any CPU.ActiveCfg = Release|Any CPU
		{DA1A8AFE-E708-491A-BF64-D2B506303B68}.Release|Any CPU.Build.0 = Release|Any CPU
	EndGlobalSection
	GlobalSection(SolutionProperties) = preSolution
		HideSolutionNode = FALSE
	EndGlobalSection
	GlobalSection(ExtensibilityGlobals) = postSolution
		SolutionGuid = {B4DAB502-8932-4000-A9C8-A4DA46C35F65}
	EndGlobalSection
EndGlobal
